
Microsoft Visual Studio Solution File, Format Version 12.00
# Visual Studio Version 17
VisualStudioVersion = 17.6.33815.320
MinimumVisualStudioVersion = 10.0.40219.1
Project("{FAE04EC0-301F-11D3-BF4B-00C04F79EFBC}") = "Task9AspMVCApplication", "Task9AspMVCApplication\Task9AspMVCApplication.csproj", "{30A19ADC-A792-4613-93BA-727A853D6FF8}"
EndProject
Project("{FAE04EC0-301F-11D3-BF4B-00C04F79EFBC}") = "Task9AspMVCApplication.Core", "Task9AspMVCApplication.Core\Task9AspMVCApplication.Core.csproj", "{3873EF55-9BCF-418A-A0EC-D06CC8ED89C8}"
EndProject
Global
	GlobalSection(SolutionConfigurationPlatforms) = preSolution
		Debug|Any CPU = Debug|Any CPU
		Release|Any CPU = Release|Any CPU
	EndGlobalSection
	GlobalSection(ProjectConfigurationPlatforms) = postSolution
		{30A19ADC-A792-4613-93BA-727A853D6FF8}.Debug|Any CPU.ActiveCfg = Debug|Any CPU
		{30A19ADC-A792-4613-93BA-727A853D6FF8}.Debug|Any CPU.Build.0 = Debug|Any CPU
		{30A19ADC-A792-4613-93BA-727A853D6FF8}.Release|Any CPU.ActiveCfg = Release|Any CPU
		{30A19ADC-A792-4613-93BA-727A853D6FF8}.Release|Any CPU.Build.0 = Release|Any CPU
		{3873EF55-9BCF-418A-A0EC-D06CC8ED89C8}.Debug|Any CPU.ActiveCfg = Debug|Any CPU
		{3873EF55-9BCF-418A-A0EC-D06CC8ED89C8}.Debug|Any CPU.Build.0 = Debug|Any CPU
		{3873EF55-9BCF-418A-A0EC-D06CC8ED89C8}.Release|Any CPU.ActiveCfg = Release|Any CPU
		{3873EF55-9BCF-418A-A0EC-D06CC8ED89C8}.Release|Any CPU.Build.0 = Release|Any CPU
	EndGlobalSection
	GlobalSection(SolutionProperties) = preSolution
		HideSolutionNode = FALSE
	EndGlobalSection
	GlobalSection(ExtensibilityGlobals) = postSolution
		SolutionGuid = {BE6262A4-F60A-405E-8476-58028C680E67}
	EndGlobalSection
EndGlobal
